
Microsoft Visual Studio Solution File, Format Version 12.00
# Visual Studio 15
VisualStudioVersion = 15.0.27703.2047
MinimumVisualStudioVersion = 10.0.40219.1
Project("{FAE04EC0-301F-11D3-BF4B-00C04F79EFBC}") = "Converter", "Converter\Converter.csproj", "{35AB7C12-745C-4E3D-8BAB-2D76043E4A7A}"
EndProject
Global
	GlobalSection(SolutionConfigurationPlatforms) = preSolution
		Debug|Any CPU = Debug|Any CPU
		Release|Any CPU = Release|Any CPU
	EndGlobalSection
	GlobalSection(ProjectConfigurationPlatforms) = postSolution
		{35AB7C12-745C-4E3D-8BAB-2D76043E4A7A}.Debug|Any CPU.ActiveCfg = Debug|Any CPU
		{35AB7C12-745C-4E3D-8BAB-2D76043E4A7A}.Debug|Any CPU.Build.0 = Debug|Any CPU
		{35AB7C12-745C-4E3D-8BAB-2D76043E4A7A}.Release|Any CPU.ActiveCfg = Release|Any CPU
		{35AB7C12-745C-4E3D-8BAB-2D76043E4A7A}.Release|Any CPU.Build.0 = Release|Any CPU
	EndGlobalSection
	GlobalSection(SolutionProperties) = preSolution
		HideSolutionNode = FALSE
	EndGlobalSection
	GlobalSection(ExtensibilityGlobals) = postSolution
		SolutionGuid = {56724E98-EEC7-47A1-B145-C665D6F019B9}
	EndGlobalSection
EndGlobal
